// !$*UTF8*$!
{
	archiveVersion = 1;
	classes = {
	};
	objectVersion = 77;
	objects = {

/* Begin PBXBuildFile section */
		9338BAA02D1366F90053917A /* AppDelegate.swift in Sources */ = {isa = PBXBuildFile; fileRef = 9338BA9F2D1366F90053917A /* AppDelegate.swift */; };
		9338BAA22D1366F90053917A /* SceneDelegate.swift in Sources */ = {isa = PBXBuildFile; fileRef = 9338BAA12D1366F90053917A /* SceneDelegate.swift */; };
		9338BAA52D1366F90053917A /* LaunchScreen.storyboard in Resources */ = {isa = PBXBuildFile; fileRef = 9338BAA32D1366F90053917A /* LaunchScreen.storyboard */; };
		9338BAA82D1366F90053917A /* Main.storyboard in Resources */ = {isa = PBXBuildFile; fileRef = 9338BAA62D1366F90053917A /* Main.storyboard */; };
		9338BAB12D1366F90053917A /* AppDelegate.swift in Sources */ = {isa = PBXBuildFile; fileRef = 9338BAB02D1366F90053917A /* AppDelegate.swift */; };
		9338BAB42D1366F90053917A /* Main.storyboard in Resources */ = {isa = PBXBuildFile; fileRef = 9338BAB22D1366F90053917A /* Main.storyboard */; };
		9338BABC2D1366F90053917A /* TryHackMe Helper Extension.appex in Embed Foundation Extensions */ = {isa = PBXBuildFile; fileRef = 9338BABB2D1366F90053917A /* TryHackMe Helper Extension.appex */; settings = {ATTRIBUTES = (RemoveHeadersOnCopy, ); }; };
		9338BAC62D1366F90053917A /* TryHackMe Helper Extension.appex in Embed Foundation Extensions */ = {isa = PBXBuildFile; fileRef = 9338BAC52D1366F90053917A /* TryHackMe Helper Extension.appex */; settings = {ATTRIBUTES = (RemoveHeadersOnCopy, ); }; };
		9338BACC2D1366F90053917A /* Main.html in Resources */ = {isa = PBXBuildFile; fileRef = 9338BA8F2D1366F90053917A /* Main.html */; };
		9338BACD2D1366F90053917A /* Main.html in Resources */ = {isa = PBXBuildFile; fileRef = 9338BA8F2D1366F90053917A /* Main.html */; };
		9338BACE2D1366F90053917A /* Icon.png in Resources */ = {isa = PBXBuildFile; fileRef = 9338BA912D1366F90053917A /* Icon.png */; };
		9338BACF2D1366F90053917A /* Icon.png in Resources */ = {isa = PBXBuildFile; fileRef = 9338BA912D1366F90053917A /* Icon.png */; };
		9338BAD02D1366F90053917A /* Style.css in Resources */ = {isa = PBXBuildFile; fileRef = 9338BA922D1366F90053917A /* Style.css */; };
		9338BAD12D1366F90053917A /* Style.css in Resources */ = {isa = PBXBuildFile; fileRef = 9338BA922D1366F90053917A /* Style.css */; };
		9338BAD22D1366F90053917A /* Script.js in Resources */ = {isa = PBXBuildFile; fileRef = 9338BA932D1366F90053917A /* Script.js */; };
		9338BAD32D1366F90053917A /* Script.js in Resources */ = {isa = PBXBuildFile; fileRef = 9338BA932D1366F90053917A /* Script.js */; };
		9338BAD42D1366F90053917A /* ViewController.swift in Sources */ = {isa = PBXBuildFile; fileRef = 9338BA942D1366F90053917A /* ViewController.swift */; };
		9338BAD52D1366F90053917A /* ViewController.swift in Sources */ = {isa = PBXBuildFile; fileRef = 9338BA942D1366F90053917A /* ViewController.swift */; };
		9338BAD62D1366F90053917A /* Assets.xcassets in Resources */ = {isa = PBXBuildFile; fileRef = 9338BA952D1366F90053917A /* Assets.xcassets */; };
		9338BAD72D1366F90053917A /* Assets.xcassets in Resources */ = {isa = PBXBuildFile; fileRef = 9338BA952D1366F90053917A /* Assets.xcassets */; };
		9338BAD82D1366F90053917A /* SafariWebExtensionHandler.swift in Sources */ = {isa = PBXBuildFile; fileRef = 9338BA972D1366F90053917A /* SafariWebExtensionHandler.swift */; };
		9338BAD92D1366F90053917A /* SafariWebExtensionHandler.swift in Sources */ = {isa = PBXBuildFile; fileRef = 9338BA972D1366F90053917A /* SafariWebExtensionHandler.swift */; };
		9338BAF12D1366FA0053917A /* popup.js in Resources */ = {isa = PBXBuildFile; fileRef = 9338BAEB2D1366FA0053917A /* popup.js */; };
		9338BAF22D1366FA0053917A /* background.js in Resources */ = {isa = PBXBuildFile; fileRef = 9338BAEC2D1366FA0053917A /* background.js */; };
		9338BAF32D1366FA0053917A /* popup.html in Resources */ = {isa = PBXBuildFile; fileRef = 9338BAED2D1366FA0053917A /* popup.html */; };
		9338BAF42D1366FA0053917A /* README.md in Resources */ = {isa = PBXBuildFile; fileRef = 9338BAEE2D1366FA0053917A /* README.md */; };
		9338BAF52D1366FA0053917A /* manifest.json in Resources */ = {isa = PBXBuildFile; fileRef = 9338BAEF2D1366FA0053917A /* manifest.json */; };
		9338BAF62D1366FA0053917A /* content.js in Resources */ = {isa = PBXBuildFile; fileRef = 9338BAF02D1366FA0053917A /* content.js */; };
		9338BAF72D1366FA0053917A /* popup.js in Resources */ = {isa = PBXBuildFile; fileRef = 9338BAEB2D1366FA0053917A /* popup.js */; };
		9338BAF82D1366FA0053917A /* background.js in Resources */ = {isa = PBXBuildFile; fileRef = 9338BAEC2D1366FA0053917A /* background.js */; };
		9338BAF92D1366FA0053917A /* popup.html in Resources */ = {isa = PBXBuildFile; fileRef = 9338BAED2D1366FA0053917A /* popup.html */; };
		9338BAFA2D1366FA0053917A /* README.md in Resources */ = {isa = PBXBuildFile; fileRef = 9338BAEE2D1366FA0053917A /* README.md */; };
		9338BAFB2D1366FA0053917A /* manifest.json in Resources */ = {isa = PBXBuildFile; fileRef = 9338BAEF2D1366FA0053917A /* manifest.json */; };
		9338BAFC2D1366FA0053917A /* content.js in Resources */ = {isa = PBXBuildFile; fileRef = 9338BAF02D1366FA0053917A /* content.js */; };
/* End PBXBuildFile section */

/* Begin PBXContainerItemProxy section */
		9338BABD2D1366F90053917A /* PBXContainerItemProxy */ = {
			isa = PBXContainerItemProxy;
			containerPortal = 9338BA892D1366F90053917A /* Project object */;
			proxyType = 1;
			remoteGlobalIDString = 9338BABA2D1366F90053917A;
			remoteInfo = "TryHackMe Helper Extension (iOS)";
		};
		9338BAC72D1366F90053917A /* PBXContainerItemProxy */ = {
			isa = PBXContainerItemProxy;
			containerPortal = 9338BA892D1366F90053917A /* Project object */;
			proxyType = 1;
			remoteGlobalIDString = 9338BAC42D1366F90053917A;
			remoteInfo = "TryHackMe Helper Extension (macOS)";
		};
/* End PBXContainerItemProxy section */

/* Begin PBXCopyFilesBuildPhase section */
		9338BADF2D1366F90053917A /* Embed Foundation Extensions */ = {
			isa = PBXCopyFilesBuildPhase;
			buildActionMask = 2147483647;
			dstPath = "";
			dstSubfolderSpec = 13;
			files = (
				9338BABC2D1366F90053917A /* TryHackMe Helper Extension.appex in Embed Foundation Extensions */,
			);
			name = "Embed Foundation Extensions";
			runOnlyForDeploymentPostprocessing = 0;
		};
		9338BAE62D1366F90053917A /* Embed Foundation Extensions */ = {
			isa = PBXCopyFilesBuildPhase;
			buildActionMask = 2147483647;
			dstPath = "";
			dstSubfolderSpec = 13;
			files = (
				9338BAC62D1366F90053917A /* TryHackMe Helper Extension.appex in Embed Foundation Extensions */,
			);
			name = "Embed Foundation Extensions";
			runOnlyForDeploymentPostprocessing = 0;
		};
/* End PBXCopyFilesBuildPhase section */

/* Begin PBXFileReference section */
		9338BA902D1366F90053917A /* Base */ = {isa = PBXFileReference; lastKnownFileType = text.html; name = Base; path = Base.lproj/Main.html; sourceTree = "<group>"; };
		9338BA912D1366F90053917A /* Icon.png */ = {isa = PBXFileReference; lastKnownFileType = image.png; path = Icon.png; sourceTree = "<group>"; };
		9338BA922D1366F90053917A /* Style.css */ = {isa = PBXFileReference; lastKnownFileType = text.css; path = Style.css; sourceTree = "<group>"; };
		9338BA932D1366F90053917A /* Script.js */ = {isa = PBXFileReference; lastKnownFileType = sourcecode.javascript; path = Script.js; sourceTree = "<group>"; };
		9338BA942D1366F90053917A /* ViewController.swift */ = {isa = PBXFileReference; lastKnownFileType = sourcecode.swift; path = ViewController.swift; sourceTree = "<group>"; };
		9338BA952D1366F90053917A /* Assets.xcassets */ = {isa = PBXFileReference; lastKnownFileType = folder.assetcatalog; path = Assets.xcassets; sourceTree = "<group>"; };
		9338BA972D1366F90053917A /* SafariWebExtensionHandler.swift */ = {isa = PBXFileReference; lastKnownFileType = sourcecode.swift; path = SafariWebExtensionHandler.swift; sourceTree = "<group>"; };
		9338BA9C2D1366F90053917A /* TryHackMe Helper.app */ = {isa = PBXFileReference; explicitFileType = wrapper.application; includeInIndex = 0; path = "TryHackMe Helper.app"; sourceTree = BUILT_PRODUCTS_DIR; };
		9338BA9F2D1366F90053917A /* AppDelegate.swift */ = {isa = PBXFileReference; lastKnownFileType = sourcecode.swift; path = AppDelegate.swift; sourceTree = "<group>"; };
		9338BAA12D1366F90053917A /* SceneDelegate.swift */ = {isa = PBXFileReference; lastKnownFileType = sourcecode.swift; path = SceneDelegate.swift; sourceTree = "<group>"; };
		9338BAA42D1366F90053917A /* Base */ = {isa = PBXFileReference; lastKnownFileType = file.storyboard; name = Base; path = Base.lproj/LaunchScreen.storyboard; sourceTree = "<group>"; };
		9338BAA72D1366F90053917A /* Base */ = {isa = PBXFileReference; lastKnownFileType = file.storyboard; name = Base; path = Base.lproj/Main.storyboard; sourceTree = "<group>"; };
		9338BAA92D1366F90053917A /* Info.plist */ = {isa = PBXFileReference; lastKnownFileType = text.plist.xml; path = Info.plist; sourceTree = "<group>"; };
		9338BAAE2D1366F90053917A /* TryHackMe Helper.app */ = {isa = PBXFileReference; explicitFileType = wrapper.application; includeInIndex = 0; path = "TryHackMe Helper.app"; sourceTree = BUILT_PRODUCTS_DIR; };
		9338BAB02D1366F90053917A /* AppDelegate.swift */ = {isa = PBXFileReference; lastKnownFileType = sourcecode.swift; path = AppDelegate.swift; sourceTree = "<group>"; };
		9338BAB32D1366F90053917A /* Base */ = {isa = PBXFileReference; lastKnownFileType = file.storyboard; name = Base; path = Base.lproj/Main.storyboard; sourceTree = "<group>"; };
		9338BAB52D1366F90053917A /* Info.plist */ = {isa = PBXFileReference; lastKnownFileType = text.plist.xml; path = Info.plist; sourceTree = "<group>"; };
		9338BAB62D1366F90053917A /* TryHackMe Helper.entitlements */ = {isa = PBXFileReference; lastKnownFileType = text.plist.entitlements; path = "TryHackMe Helper.entitlements"; sourceTree = "<group>"; };
		9338BABB2D1366F90053917A /* TryHackMe Helper Extension.appex */ = {isa = PBXFileReference; explicitFileType = "wrapper.app-extension"; includeInIndex = 0; path = "TryHackMe Helper Extension.appex"; sourceTree = BUILT_PRODUCTS_DIR; };
		9338BAC02D1366F90053917A /* Info.plist */ = {isa = PBXFileReference; lastKnownFileType = text.plist.xml; path = Info.plist; sourceTree = "<group>"; };
		9338BAC52D1366F90053917A /* TryHackMe Helper Extension.appex */ = {isa = PBXFileReference; explicitFileType = "wrapper.app-extension"; includeInIndex = 0; path = "TryHackMe Helper Extension.appex"; sourceTree = BUILT_PRODUCTS_DIR; };
		9338BACA2D1366F90053917A /* Info.plist */ = {isa = PBXFileReference; lastKnownFileType = text.plist.xml; path = Info.plist; sourceTree = "<group>"; };
		9338BACB2D1366F90053917A /* TryHackMe Helper.entitlements */ = {isa = PBXFileReference; lastKnownFileType = text.plist.entitlements; path = "TryHackMe Helper.entitlements"; sourceTree = "<group>"; };
		9338BAEB2D1366FA0053917A /* popup.js */ = {isa = PBXFileReference; lastKnownFileType = sourcecode.javascript; name = popup.js; path = ../../Chromium/popup.js; sourceTree = "<group>"; };
		9338BAEC2D1366FA0053917A /* background.js */ = {isa = PBXFileReference; lastKnownFileType = sourcecode.javascript; name = background.js; path = ../../Chromium/background.js; sourceTree = "<group>"; };
		9338BAED2D1366FA0053917A /* popup.html */ = {isa = PBXFileReference; lastKnownFileType = text.html; name = popup.html; path = ../../Chromium/popup.html; sourceTree = "<group>"; };
		9338BAEE2D1366FA0053917A /* README.md */ = {isa = PBXFileReference; lastKnownFileType = net.daringfireball.markdown; name = README.md; path = ../../Chromium/README.md; sourceTree = "<group>"; };
		9338BAEF2D1366FA0053917A /* manifest.json */ = {isa = PBXFileReference; lastKnownFileType = text.json; name = manifest.json; path = ../../Chromium/manifest.json; sourceTree = "<group>"; };
		9338BAF02D1366FA0053917A /* content.js */ = {isa = PBXFileReference; lastKnownFileType = sourcecode.javascript; name = content.js; path = ../../Chromium/content.js; sourceTree = "<group>"; };
/* End PBXFileReference section */

/* Begin PBXFrameworksBuildPhase section */
		9338BA992D1366F90053917A /* Frameworks */ = {
			isa = PBXFrameworksBuildPhase;
			buildActionMask = 2147483647;
			files = (
			);
			runOnlyForDeploymentPostprocessing = 0;
		};
		9338BAAB2D1366F90053917A /* Frameworks */ = {
			isa = PBXFrameworksBuildPhase;
			buildActionMask = 2147483647;
			files = (
			);
			runOnlyForDeploymentPostprocessing = 0;
		};
		9338BAB82D1366F90053917A /* Frameworks */ = {
			isa = PBXFrameworksBuildPhase;
			buildActionMask = 2147483647;
			files = (
			);
			runOnlyForDeploymentPostprocessing = 0;
		};
		9338BAC22D1366F90053917A /* Frameworks */ = {
			isa = PBXFrameworksBuildPhase;
			buildActionMask = 2147483647;
			files = (
			);
			runOnlyForDeploymentPostprocessing = 0;
		};
/* End PBXFrameworksBuildPhase section */

/* Begin PBXGroup section */
		9338BA882D1366F90053917A = {
			isa = PBXGroup;
			children = (
				9338BA8D2D1366F90053917A /* Shared (App) */,
				9338BA962D1366F90053917A /* Shared (Extension) */,
				9338BA9E2D1366F90053917A /* iOS (App) */,
				9338BAAF2D1366F90053917A /* macOS (App) */,
				9338BABF2D1366F90053917A /* iOS (Extension) */,
				9338BAC92D1366F90053917A /* macOS (Extension) */,
				9338BA9D2D1366F90053917A /* Products */,
			);
			sourceTree = "<group>";
		};
		9338BA8D2D1366F90053917A /* Shared (App) */ = {
			isa = PBXGroup;
			children = (
				9338BA942D1366F90053917A /* ViewController.swift */,
				9338BA952D1366F90053917A /* Assets.xcassets */,
				9338BA8E2D1366F90053917A /* Resources */,
			);
			path = "Shared (App)";
			sourceTree = "<group>";
		};
		9338BA8E2D1366F90053917A /* Resources */ = {
			isa = PBXGroup;
			children = (
				9338BA8F2D1366F90053917A /* Main.html */,
				9338BA912D1366F90053917A /* Icon.png */,
				9338BA922D1366F90053917A /* Style.css */,
				9338BA932D1366F90053917A /* Script.js */,
			);
			path = Resources;
			sourceTree = "<group>";
		};
		9338BA962D1366F90053917A /* Shared (Extension) */ = {
			isa = PBXGroup;
			children = (
				9338BAEA2D1366FA0053917A /* Resources */,
				9338BA972D1366F90053917A /* SafariWebExtensionHandler.swift */,
			);
			path = "Shared (Extension)";
			sourceTree = "<group>";
		};
		9338BA9D2D1366F90053917A /* Products */ = {
			isa = PBXGroup;
			children = (
				9338BA9C2D1366F90053917A /* TryHackMe Helper.app */,
				9338BAAE2D1366F90053917A /* TryHackMe Helper.app */,
				9338BABB2D1366F90053917A /* TryHackMe Helper Extension.appex */,
				9338BAC52D1366F90053917A /* TryHackMe Helper Extension.appex */,
			);
			name = Products;
			sourceTree = "<group>";
		};
		9338BA9E2D1366F90053917A /* iOS (App) */ = {
			isa = PBXGroup;
			children = (
				9338BA9F2D1366F90053917A /* AppDelegate.swift */,
				9338BAA12D1366F90053917A /* SceneDelegate.swift */,
				9338BAA32D1366F90053917A /* LaunchScreen.storyboard */,
				9338BAA62D1366F90053917A /* Main.storyboard */,
				9338BAA92D1366F90053917A /* Info.plist */,
			);
			path = "iOS (App)";
			sourceTree = "<group>";
		};
		9338BAAF2D1366F90053917A /* macOS (App) */ = {
			isa = PBXGroup;
			children = (
				9338BAB02D1366F90053917A /* AppDelegate.swift */,
				9338BAB22D1366F90053917A /* Main.storyboard */,
				9338BAB52D1366F90053917A /* Info.plist */,
				9338BAB62D1366F90053917A /* TryHackMe Helper.entitlements */,
			);
			path = "macOS (App)";
			sourceTree = "<group>";
		};
		9338BABF2D1366F90053917A /* iOS (Extension) */ = {
			isa = PBXGroup;
			children = (
				9338BAC02D1366F90053917A /* Info.plist */,
			);
			path = "iOS (Extension)";
			sourceTree = "<group>";
		};
		9338BAC92D1366F90053917A /* macOS (Extension) */ = {
			isa = PBXGroup;
			children = (
				9338BACA2D1366F90053917A /* Info.plist */,
				9338BACB2D1366F90053917A /* TryHackMe Helper.entitlements */,
			);
			path = "macOS (Extension)";
			sourceTree = "<group>";
		};
		9338BAEA2D1366FA0053917A /* Resources */ = {
			isa = PBXGroup;
			children = (
				9338BAEB2D1366FA0053917A /* popup.js */,
				9338BAEC2D1366FA0053917A /* background.js */,
				9338BAED2D1366FA0053917A /* popup.html */,
				9338BAEE2D1366FA0053917A /* README.md */,
				9338BAEF2D1366FA0053917A /* manifest.json */,
				9338BAF02D1366FA0053917A /* content.js */,
			);
			name = Resources;
			path = "Shared (Extension)";
			sourceTree = SOURCE_ROOT;
		};
/* End PBXGroup section */

/* Begin PBXNativeTarget section */
		9338BA9B2D1366F90053917A /* TryHackMe Helper (iOS) */ = {
			isa = PBXNativeTarget;
			buildConfigurationList = 9338BAE02D1366F90053917A /* Build configuration list for PBXNativeTarget "TryHackMe Helper (iOS)" */;
			buildPhases = (
				9338BA982D1366F90053917A /* Sources */,
				9338BA992D1366F90053917A /* Frameworks */,
				9338BA9A2D1366F90053917A /* Resources */,
				9338BADF2D1366F90053917A /* Embed Foundation Extensions */,
			);
			buildRules = (
			);
			dependencies = (
				9338BABE2D1366F90053917A /* PBXTargetDependency */,
			);
			name = "TryHackMe Helper (iOS)";
			packageProductDependencies = (
			);
			productName = "TryHackMe Helper (iOS)";
			productReference = 9338BA9C2D1366F90053917A /* TryHackMe Helper.app */;
			productType = "com.apple.product-type.application";
		};
		9338BAAD2D1366F90053917A /* TryHackMe Helper (macOS) */ = {
			isa = PBXNativeTarget;
			buildConfigurationList = 9338BAE72D1366F90053917A /* Build configuration list for PBXNativeTarget "TryHackMe Helper (macOS)" */;
			buildPhases = (
				9338BAAA2D1366F90053917A /* Sources */,
				9338BAAB2D1366F90053917A /* Frameworks */,
				9338BAAC2D1366F90053917A /* Resources */,
				9338BAE62D1366F90053917A /* Embed Foundation Extensions */,
			);
			buildRules = (
			);
			dependencies = (
				9338BAC82D1366F90053917A /* PBXTargetDependency */,
			);
			name = "TryHackMe Helper (macOS)";
			packageProductDependencies = (
			);
			productName = "TryHackMe Helper (macOS)";
			productReference = 9338BAAE2D1366F90053917A /* TryHackMe Helper.app */;
			productType = "com.apple.product-type.application";
		};
		9338BABA2D1366F90053917A /* TryHackMe Helper Extension (iOS) */ = {
			isa = PBXNativeTarget;
			buildConfigurationList = 9338BADC2D1366F90053917A /* Build configuration list for PBXNativeTarget "TryHackMe Helper Extension (iOS)" */;
			buildPhases = (
				9338BAB72D1366F90053917A /* Sources */,
				9338BAB82D1366F90053917A /* Frameworks */,
				9338BAB92D1366F90053917A /* Resources */,
			);
			buildRules = (
			);
			dependencies = (
			);
			name = "TryHackMe Helper Extension (iOS)";
			packageProductDependencies = (
			);
			productName = "TryHackMe Helper Extension (iOS)";
			productReference = 9338BABB2D1366F90053917A /* TryHackMe Helper Extension.appex */;
			productType = "com.apple.product-type.app-extension";
		};
		9338BAC42D1366F90053917A /* TryHackMe Helper Extension (macOS) */ = {
			isa = PBXNativeTarget;
			buildConfigurationList = 9338BAE32D1366F90053917A /* Build configuration list for PBXNativeTarget "TryHackMe Helper Extension (macOS)" */;
			buildPhases = (
				9338BAC12D1366F90053917A /* Sources */,
				9338BAC22D1366F90053917A /* Frameworks */,
				9338BAC32D1366F90053917A /* Resources */,
			);
			buildRules = (
			);
			dependencies = (
			);
			name = "TryHackMe Helper Extension (macOS)";
			packageProductDependencies = (
			);
			productName = "TryHackMe Helper Extension (macOS)";
			productReference = 9338BAC52D1366F90053917A /* TryHackMe Helper Extension.appex */;
			productType = "com.apple.product-type.app-extension";
		};
/* End PBXNativeTarget section */

/* Begin PBXProject section */
		9338BA892D1366F90053917A /* Project object */ = {
			isa = PBXProject;
			attributes = {
				BuildIndependentTargetsInParallel = 1;
				LastSwiftUpdateCheck = 1610;
				LastUpgradeCheck = 1610;
				TargetAttributes = {
					9338BA9B2D1366F90053917A = {
						CreatedOnToolsVersion = 16.1;
					};
					9338BAAD2D1366F90053917A = {
						CreatedOnToolsVersion = 16.1;
					};
					9338BABA2D1366F90053917A = {
						CreatedOnToolsVersion = 16.1;
					};
					9338BAC42D1366F90053917A = {
						CreatedOnToolsVersion = 16.1;
					};
				};
			};
			buildConfigurationList = 9338BA8C2D1366F90053917A /* Build configuration list for PBXProject "TryHackMe Helper" */;
			developmentRegion = en;
			hasScannedForEncodings = 0;
			knownRegions = (
				en,
				Base,
			);
			mainGroup = 9338BA882D1366F90053917A;
			minimizedProjectReferenceProxies = 1;
			preferredProjectObjectVersion = 77;
			productRefGroup = 9338BA9D2D1366F90053917A /* Products */;
			projectDirPath = "";
			projectRoot = "";
			targets = (
				9338BA9B2D1366F90053917A /* TryHackMe Helper (iOS) */,
				9338BAAD2D1366F90053917A /* TryHackMe Helper (macOS) */,
				9338BABA2D1366F90053917A /* TryHackMe Helper Extension (iOS) */,
				9338BAC42D1366F90053917A /* TryHackMe Helper Extension (macOS) */,
			);
		};
/* End PBXProject section */

/* Begin PBXResourcesBuildPhase section */
		9338BA9A2D1366F90053917A /* Resources */ = {
			isa = PBXResourcesBuildPhase;
			buildActionMask = 2147483647;
			files = (
				9338BACE2D1366F90053917A /* Icon.png in Resources */,
				9338BAA52D1366F90053917A /* LaunchScreen.storyboard in Resources */,
				9338BACC2D1366F90053917A /* Main.html in Resources */,
				9338BAD22D1366F90053917A /* Script.js in Resources */,
				9338BAD62D1366F90053917A /* Assets.xcassets in Resources */,
				9338BAA82D1366F90053917A /* Main.storyboard in Resources */,
				9338BAD02D1366F90053917A /* Style.css in Resources */,
			);
			runOnlyForDeploymentPostprocessing = 0;
		};
		9338BAAC2D1366F90053917A /* Resources */ = {
			isa = PBXResourcesBuildPhase;
			buildActionMask = 2147483647;
			files = (
				9338BACF2D1366F90053917A /* Icon.png in Resources */,
				9338BAD12D1366F90053917A /* Style.css in Resources */,
				9338BAB42D1366F90053917A /* Main.storyboard in Resources */,
				9338BAD32D1366F90053917A /* Script.js in Resources */,
				9338BAD72D1366F90053917A /* Assets.xcassets in Resources */,
				9338BACD2D1366F90053917A /* Main.html in Resources */,
			);
			runOnlyForDeploymentPostprocessing = 0;
		};
		9338BAB92D1366F90053917A /* Resources */ = {
			isa = PBXResourcesBuildPhase;
			buildActionMask = 2147483647;
			files = (
				9338BAFC2D1366FA0053917A /* content.js in Resources */,
				9338BAF82D1366FA0053917A /* background.js in Resources */,
				9338BAF92D1366FA0053917A /* popup.html in Resources */,
				9338BAFB2D1366FA0053917A /* manifest.json in Resources */,
				9338BAFA2D1366FA0053917A /* README.md in Resources */,
				9338BAF72D1366FA0053917A /* popup.js in Resources */,
			);
			runOnlyForDeploymentPostprocessing = 0;
		};
		9338BAC32D1366F90053917A /* Resources */ = {
			isa = PBXResourcesBuildPhase;
			buildActionMask = 2147483647;
			files = (
				9338BAF62D1366FA0053917A /* content.js in Resources */,
				9338BAF22D1366FA0053917A /* background.js in Resources */,
				9338BAF32D1366FA0053917A /* popup.html in Resources */,
				9338BAF52D1366FA0053917A /* manifest.json in Resources */,
				9338BAF42D1366FA0053917A /* README.md in Resources */,
				9338BAF12D1366FA0053917A /* popup.js in Resources */,
			);
			runOnlyForDeploymentPostprocessing = 0;
		};
/* End PBXResourcesBuildPhase section */

/* Begin PBXSourcesBuildPhase section */
		9338BA982D1366F90053917A /* Sources */ = {
			isa = PBXSourcesBuildPhase;
			buildActionMask = 2147483647;
			files = (
				9338BAD42D1366F90053917A /* ViewController.swift in Sources */,
				9338BAA02D1366F90053917A /* AppDelegate.swift in Sources */,
				9338BAA22D1366F90053917A /* SceneDelegate.swift in Sources */,
			);
			runOnlyForDeploymentPostprocessing = 0;
		};
		9338BAAA2D1366F90053917A /* Sources */ = {
			isa = PBXSourcesBuildPhase;
			buildActionMask = 2147483647;
			files = (
				9338BAD52D1366F90053917A /* ViewController.swift in Sources */,
				9338BAB12D1366F90053917A /* AppDelegate.swift in Sources */,
			);
			runOnlyForDeploymentPostprocessing = 0;
		};
		9338BAB72D1366F90053917A /* Sources */ = {
			isa = PBXSourcesBuildPhase;
			buildActionMask = 2147483647;
			files = (
				9338BAD82D1366F90053917A /* SafariWebExtensionHandler.swift in Sources */,
			);
			runOnlyForDeploymentPostprocessing = 0;
		};
		9338BAC12D1366F90053917A /* Sources */ = {
			isa = PBXSourcesBuildPhase;
			buildActionMask = 2147483647;
			files = (
				9338BAD92D1366F90053917A /* SafariWebExtensionHandler.swift in Sources */,
			);
			runOnlyForDeploymentPostprocessing = 0;
		};
/* End PBXSourcesBuildPhase section */

/* Begin PBXTargetDependency section */
		9338BABE2D1366F90053917A /* PBXTargetDependency */ = {
			isa = PBXTargetDependency;
			target = 9338BABA2D1366F90053917A /* TryHackMe Helper Extension (iOS) */;
			targetProxy = 9338BABD2D1366F90053917A /* PBXContainerItemProxy */;
		};
		9338BAC82D1366F90053917A /* PBXTargetDependency */ = {
			isa = PBXTargetDependency;
			target = 9338BAC42D1366F90053917A /* TryHackMe Helper Extension (macOS) */;
			targetProxy = 9338BAC72D1366F90053917A /* PBXContainerItemProxy */;
		};
/* End PBXTargetDependency section */

/* Begin PBXVariantGroup section */
		9338BA8F2D1366F90053917A /* Main.html */ = {
			isa = PBXVariantGroup;
			children = (
				9338BA902D1366F90053917A /* Base */,
			);
			name = Main.html;
			sourceTree = "<group>";
		};
		9338BAA32D1366F90053917A /* LaunchScreen.storyboard */ = {
			isa = PBXVariantGroup;
			children = (
				9338BAA42D1366F90053917A /* Base */,
			);
			name = LaunchScreen.storyboard;
			sourceTree = "<group>";
		};
		9338BAA62D1366F90053917A /* Main.storyboard */ = {
			isa = PBXVariantGroup;
			children = (
				9338BAA72D1366F90053917A /* Base */,
			);
			name = Main.storyboard;
			sourceTree = "<group>";
		};
		9338BAB22D1366F90053917A /* Main.storyboard */ = {
			isa = PBXVariantGroup;
			children = (
				9338BAB32D1366F90053917A /* Base */,
			);
			name = Main.storyboard;
			sourceTree = "<group>";
		};
/* End PBXVariantGroup section */

/* Begin XCBuildConfiguration section */
		9338BADA2D1366F90053917A /* Debug */ = {
			isa = XCBuildConfiguration;
			buildSettings = {
				ALWAYS_SEARCH_USER_PATHS = NO;
				ASSETCATALOG_COMPILER_GENERATE_SWIFT_ASSET_SYMBOL_EXTENSIONS = YES;
				CLANG_ANALYZER_NONNULL = YES;
				CLANG_ANALYZER_NUMBER_OBJECT_CONVERSION = YES_AGGRESSIVE;
				CLANG_CXX_LANGUAGE_STANDARD = "gnu++20";
				CLANG_ENABLE_MODULES = YES;
				CLANG_ENABLE_OBJC_ARC = YES;
				CLANG_ENABLE_OBJC_WEAK = YES;
				CLANG_WARN_BLOCK_CAPTURE_AUTORELEASING = YES;
				CLANG_WARN_BOOL_CONVERSION = YES;
				CLANG_WARN_COMMA = YES;
				CLANG_WARN_CONSTANT_CONVERSION = YES;
				CLANG_WARN_DEPRECATED_OBJC_IMPLEMENTATIONS = YES;
				CLANG_WARN_DIRECT_OBJC_ISA_USAGE = YES_ERROR;
				CLANG_WARN_DOCUMENTATION_COMMENTS = YES;
				CLANG_WARN_EMPTY_BODY = YES;
				CLANG_WARN_ENUM_CONVERSION = YES;
				CLANG_WARN_INFINITE_RECURSION = YES;
				CLANG_WARN_INT_CONVERSION = YES;
				CLANG_WARN_NON_LITERAL_NULL_CONVERSION = YES;
				CLANG_WARN_OBJC_IMPLICIT_RETAIN_SELF = YES;
				CLANG_WARN_OBJC_LITERAL_CONVERSION = YES;
				CLANG_WARN_OBJC_ROOT_CLASS = YES_ERROR;
				CLANG_WARN_QUOTED_INCLUDE_IN_FRAMEWORK_HEADER = YES;
				CLANG_WARN_RANGE_LOOP_ANALYSIS = YES;
				CLANG_WARN_STRICT_PROTOTYPES = YES;
				CLANG_WARN_SUSPICIOUS_MOVE = YES;
				CLANG_WARN_UNGUARDED_AVAILABILITY = YES_AGGRESSIVE;
				CLANG_WARN_UNREACHABLE_CODE = YES;
				CLANG_WARN__DUPLICATE_METHOD_MATCH = YES;
				COPY_PHASE_STRIP = NO;
				DEBUG_INFORMATION_FORMAT = dwarf;
				ENABLE_STRICT_OBJC_MSGSEND = YES;
				ENABLE_TESTABILITY = YES;
				ENABLE_USER_SCRIPT_SANDBOXING = YES;
				GCC_C_LANGUAGE_STANDARD = gnu17;
				GCC_DYNAMIC_NO_PIC = NO;
				GCC_NO_COMMON_BLOCKS = YES;
				GCC_OPTIMIZATION_LEVEL = 0;
				GCC_PREPROCESSOR_DEFINITIONS = (
					"DEBUG=1",
					"$(inherited)",
				);
				GCC_WARN_64_TO_32_BIT_CONVERSION = YES;
				GCC_WARN_ABOUT_RETURN_TYPE = YES_ERROR;
				GCC_WARN_UNDECLARED_SELECTOR = YES;
				GCC_WARN_UNINITIALIZED_AUTOS = YES_AGGRESSIVE;
				GCC_WARN_UNUSED_FUNCTION = YES;
				GCC_WARN_UNUSED_VARIABLE = YES;
				LOCALIZATION_PREFERS_STRING_CATALOGS = YES;
				MTL_ENABLE_DEBUG_INFO = INCLUDE_SOURCE;
				MTL_FAST_MATH = YES;
				ONLY_ACTIVE_ARCH = YES;
				SWIFT_ACTIVE_COMPILATION_CONDITIONS = "DEBUG $(inherited)";
				SWIFT_OPTIMIZATION_LEVEL = "-Onone";
			};
			name = Debug;
		};
		9338BADB2D1366F90053917A /* Release */ = {
			isa = XCBuildConfiguration;
			buildSettings = {
				ALWAYS_SEARCH_USER_PATHS = NO;
				ASSETCATALOG_COMPILER_GENERATE_SWIFT_ASSET_SYMBOL_EXTENSIONS = YES;
				CLANG_ANALYZER_NONNULL = YES;
				CLANG_ANALYZER_NUMBER_OBJECT_CONVERSION = YES_AGGRESSIVE;
				CLANG_CXX_LANGUAGE_STANDARD = "gnu++20";
				CLANG_ENABLE_MODULES = YES;
				CLANG_ENABLE_OBJC_ARC = YES;
				CLANG_ENABLE_OBJC_WEAK = YES;
				CLANG_WARN_BLOCK_CAPTURE_AUTORELEASING = YES;
				CLANG_WARN_BOOL_CONVERSION = YES;
				CLANG_WARN_COMMA = YES;
				CLANG_WARN_CONSTANT_CONVERSION = YES;
				CLANG_WARN_DEPRECATED_OBJC_IMPLEMENTATIONS = YES;
				CLANG_WARN_DIRECT_OBJC_ISA_USAGE = YES_ERROR;
				CLANG_WARN_DOCUMENTATION_COMMENTS = YES;
				CLANG_WARN_EMPTY_BODY = YES;
				CLANG_WARN_ENUM_CONVERSION = YES;
				CLANG_WARN_INFINITE_RECURSION = YES;
				CLANG_WARN_INT_CONVERSION = YES;
				CLANG_WARN_NON_LITERAL_NULL_CONVERSION = YES;
				CLANG_WARN_OBJC_IMPLICIT_RETAIN_SELF = YES;
				CLANG_WARN_OBJC_LITERAL_CONVERSION = YES;
				CLANG_WARN_OBJC_ROOT_CLASS = YES_ERROR;
				CLANG_WARN_QUOTED_INCLUDE_IN_FRAMEWORK_HEADER = YES;
				CLANG_WARN_RANGE_LOOP_ANALYSIS = YES;
				CLANG_WARN_STRICT_PROTOTYPES = YES;
				CLANG_WARN_SUSPICIOUS_MOVE = YES;
				CLANG_WARN_UNGUARDED_AVAILABILITY = YES_AGGRESSIVE;
				CLANG_WARN_UNREACHABLE_CODE = YES;
				CLANG_WARN__DUPLICATE_METHOD_MATCH = YES;
				COPY_PHASE_STRIP = NO;
				DEBUG_INFORMATION_FORMAT = "dwarf-with-dsym";
				ENABLE_NS_ASSERTIONS = NO;
				ENABLE_STRICT_OBJC_MSGSEND = YES;
				ENABLE_USER_SCRIPT_SANDBOXING = YES;
				GCC_C_LANGUAGE_STANDARD = gnu17;
				GCC_NO_COMMON_BLOCKS = YES;
				GCC_WARN_64_TO_32_BIT_CONVERSION = YES;
				GCC_WARN_ABOUT_RETURN_TYPE = YES_ERROR;
				GCC_WARN_UNDECLARED_SELECTOR = YES;
				GCC_WARN_UNINITIALIZED_AUTOS = YES_AGGRESSIVE;
				GCC_WARN_UNUSED_FUNCTION = YES;
				GCC_WARN_UNUSED_VARIABLE = YES;
				LOCALIZATION_PREFERS_STRING_CATALOGS = YES;
				MTL_ENABLE_DEBUG_INFO = NO;
				MTL_FAST_MATH = YES;
				SWIFT_COMPILATION_MODE = wholemodule;
			};
			name = Release;
		};
		9338BADD2D1366F90053917A /* Debug */ = {
			isa = XCBuildConfiguration;
			buildSettings = {
				CODE_SIGN_STYLE = Automatic;
				CURRENT_PROJECT_VERSION = 1;
				GENERATE_INFOPLIST_FILE = YES;
				INFOPLIST_FILE = "iOS (Extension)/Info.plist";
				INFOPLIST_KEY_CFBundleDisplayName = "TryHackMe Helper Extension";
				INFOPLIST_KEY_NSHumanReadableCopyright = "";
				IPHONEOS_DEPLOYMENT_TARGET = 15.0;
				LD_RUNPATH_SEARCH_PATHS = (
					"$(inherited)",
					"@executable_path/Frameworks",
					"@executable_path/../../Frameworks",
				);
				MARKETING_VERSION = 1.0;
				OTHER_LDFLAGS = (
					"-framework",
					SafariServices,
				);
				PRODUCT_BUNDLE_IDENTIFIER = "com.yourCompany.TryHackMe-Helper.Extension";
				PRODUCT_NAME = "TryHackMe Helper Extension";
				SDKROOT = iphoneos;
				SKIP_INSTALL = YES;
				SWIFT_EMIT_LOC_STRINGS = YES;
				SWIFT_VERSION = 5.0;
				TARGETED_DEVICE_FAMILY = "1,2";
			};
			name = Debug;
		};
		9338BADE2D1366F90053917A /* Release */ = {
			isa = XCBuildConfiguration;
			buildSettings = {
				CODE_SIGN_STYLE = Automatic;
				CURRENT_PROJECT_VERSION = 1;
				GENERATE_INFOPLIST_FILE = YES;
				INFOPLIST_FILE = "iOS (Extension)/Info.plist";
				INFOPLIST_KEY_CFBundleDisplayName = "TryHackMe Helper Extension";
				INFOPLIST_KEY_NSHumanReadableCopyright = "";
				IPHONEOS_DEPLOYMENT_TARGET = 15.0;
				LD_RUNPATH_SEARCH_PATHS = (
					"$(inherited)",
					"@executable_path/Frameworks",
					"@executable_path/../../Frameworks",
				);
				MARKETING_VERSION = 1.0;
				OTHER_LDFLAGS = (
					"-framework",
					SafariServices,
				);
				PRODUCT_BUNDLE_IDENTIFIER = "com.yourCompany.TryHackMe-Helper.Extension";
				PRODUCT_NAME = "TryHackMe Helper Extension";
				SDKROOT = iphoneos;
				SKIP_INSTALL = YES;
				SWIFT_EMIT_LOC_STRINGS = YES;
				SWIFT_VERSION = 5.0;
				TARGETED_DEVICE_FAMILY = "1,2";
				VALIDATE_PRODUCT = YES;
			};
			name = Release;
		};
		9338BAE12D1366F90053917A /* Debug */ = {
			isa = XCBuildConfiguration;
			buildSettings = {
				ASSETCATALOG_COMPILER_APPICON_NAME = AppIcon;
				ASSETCATALOG_COMPILER_GLOBAL_ACCENT_COLOR_NAME = AccentColor;
				CODE_SIGN_STYLE = Automatic;
				CURRENT_PROJECT_VERSION = 1;
				GENERATE_INFOPLIST_FILE = YES;
				INFOPLIST_FILE = "iOS (App)/Info.plist";
				INFOPLIST_KEY_CFBundleDisplayName = "TryHackMe Helper";
				INFOPLIST_KEY_UIApplicationSupportsIndirectInputEvents = YES;
				INFOPLIST_KEY_UILaunchStoryboardName = LaunchScreen;
				INFOPLIST_KEY_UIMainStoryboardFile = Main;
				INFOPLIST_KEY_UISupportedInterfaceOrientations = "UIInterfaceOrientationPortrait UIInterfaceOrientationLandscapeLeft UIInterfaceOrientationLandscapeRight";
				INFOPLIST_KEY_UISupportedInterfaceOrientations_iPad = "UIInterfaceOrientationPortrait UIInterfaceOrientationPortraitUpsideDown UIInterfaceOrientationLandscapeLeft UIInterfaceOrientationLandscapeRight";
				IPHONEOS_DEPLOYMENT_TARGET = 15.0;
				LD_RUNPATH_SEARCH_PATHS = (
					"$(inherited)",
					"@executable_path/Frameworks",
				);
				MARKETING_VERSION = 1.0;
				OTHER_LDFLAGS = (
					"-framework",
					SafariServices,
					"-framework",
					WebKit,
				);
				PRODUCT_BUNDLE_IDENTIFIER = "com.yourCompany.TryHackMe-Helper";
				PRODUCT_NAME = "TryHackMe Helper";
				SDKROOT = iphoneos;
				SWIFT_EMIT_LOC_STRINGS = YES;
				SWIFT_VERSION = 5.0;
				TARGETED_DEVICE_FAMILY = "1,2";
			};
			name = Debug;
		};
		9338BAE22D1366F90053917A /* Release */ = {
			isa = XCBuildConfiguration;
			buildSettings = {
				ASSETCATALOG_COMPILER_APPICON_NAME = AppIcon;
				ASSETCATALOG_COMPILER_GLOBAL_ACCENT_COLOR_NAME = AccentColor;
				CODE_SIGN_STYLE = Automatic;
				CURRENT_PROJECT_VERSION = 1;
				GENERATE_INFOPLIST_FILE = YES;
				INFOPLIST_FILE = "iOS (App)/Info.plist";
				INFOPLIST_KEY_CFBundleDisplayName = "TryHackMe Helper";
				INFOPLIST_KEY_UIApplicationSupportsIndirectInputEvents = YES;
				INFOPLIST_KEY_UILaunchStoryboardName = LaunchScreen;
				INFOPLIST_KEY_UIMainStoryboardFile = Main;
				INFOPLIST_KEY_UISupportedInterfaceOrientations = "UIInterfaceOrientationPortrait UIInterfaceOrientationLandscapeLeft UIInterfaceOrientationLandscapeRight";
				INFOPLIST_KEY_UISupportedInterfaceOrientations_iPad = "UIInterfaceOrientationPortrait UIInterfaceOrientationPortraitUpsideDown UIInterfaceOrientationLandscapeLeft UIInterfaceOrientationLandscapeRight";
				IPHONEOS_DEPLOYMENT_TARGET = 15.0;
				LD_RUNPATH_SEARCH_PATHS = (
					"$(inherited)",
					"@executable_path/Frameworks",
				);
				MARKETING_VERSION = 1.0;
				OTHER_LDFLAGS = (
					"-framework",
					SafariServices,
					"-framework",
					WebKit,
				);
				PRODUCT_BUNDLE_IDENTIFIER = "com.yourCompany.TryHackMe-Helper";
				PRODUCT_NAME = "TryHackMe Helper";
				SDKROOT = iphoneos;
				SWIFT_EMIT_LOC_STRINGS = YES;
				SWIFT_VERSION = 5.0;
				TARGETED_DEVICE_FAMILY = "1,2";
				VALIDATE_PRODUCT = YES;
			};
			name = Release;
		};
		9338BAE42D1366F90053917A /* Debug */ = {
			isa = XCBuildConfiguration;
			buildSettings = {
				CODE_SIGN_ENTITLEMENTS = "macOS (Extension)/TryHackMe Helper.entitlements";
				CODE_SIGN_STYLE = Automatic;
				CURRENT_PROJECT_VERSION = 1;
				ENABLE_HARDENED_RUNTIME = YES;
				GENERATE_INFOPLIST_FILE = YES;
				INFOPLIST_FILE = "macOS (Extension)/Info.plist";
				INFOPLIST_KEY_CFBundleDisplayName = "TryHackMe Helper Extension";
				INFOPLIST_KEY_NSHumanReadableCopyright = "";
				LD_RUNPATH_SEARCH_PATHS = (
					"$(inherited)",
					"@executable_path/../Frameworks",
					"@executable_path/../../../../Frameworks",
				);
				MACOSX_DEPLOYMENT_TARGET = 10.14;
				MARKETING_VERSION = 1.0;
				OTHER_LDFLAGS = (
					"-framework",
					SafariServices,
				);
				PRODUCT_BUNDLE_IDENTIFIER = "com.yourCompany.TryHackMe-Helper.Extension";
				PRODUCT_NAME = "TryHackMe Helper Extension";
				SDKROOT = macosx;
				SKIP_INSTALL = YES;
				SWIFT_EMIT_LOC_STRINGS = YES;
				SWIFT_VERSION = 5.0;
			};
			name = Debug;
		};
		9338BAE52D1366F90053917A /* Release */ = {
			isa = XCBuildConfiguration;
			buildSettings = {
				CODE_SIGN_ENTITLEMENTS = "macOS (Extension)/TryHackMe Helper.entitlements";
				CODE_SIGN_STYLE = Automatic;
				CURRENT_PROJECT_VERSION = 1;
				ENABLE_HARDENED_RUNTIME = YES;
				GENERATE_INFOPLIST_FILE = YES;
				INFOPLIST_FILE = "macOS (Extension)/Info.plist";
				INFOPLIST_KEY_CFBundleDisplayName = "TryHackMe Helper Extension";
				INFOPLIST_KEY_NSHumanReadableCopyright = "";
				LD_RUNPATH_SEARCH_PATHS = (
					"$(inherited)",
					"@executable_path/../Frameworks",
					"@executable_path/../../../../Frameworks",
				);
				MACOSX_DEPLOYMENT_TARGET = 10.14;
				MARKETING_VERSION = 1.0;
				OTHER_LDFLAGS = (
					"-framework",
					SafariServices,
				);
				PRODUCT_BUNDLE_IDENTIFIER = "com.yourCompany.TryHackMe-Helper.Extension";
				PRODUCT_NAME = "TryHackMe Helper Extension";
				SDKROOT = macosx;
				SKIP_INSTALL = YES;
				SWIFT_EMIT_LOC_STRINGS = YES;
				SWIFT_VERSION = 5.0;
			};
			name = Release;
		};
		9338BAE82D1366F90053917A /* Debug */ = {
			isa = XCBuildConfiguration;
			buildSettings = {
				ASSETCATALOG_COMPILER_APPICON_NAME = AppIcon;
				ASSETCATALOG_COMPILER_GLOBAL_ACCENT_COLOR_NAME = AccentColor;
				CODE_SIGN_ENTITLEMENTS = "macOS (App)/TryHackMe Helper.entitlements";
				CODE_SIGN_STYLE = Automatic;
				CURRENT_PROJECT_VERSION = 1;
				ENABLE_HARDENED_RUNTIME = YES;
				GENERATE_INFOPLIST_FILE = YES;
				INFOPLIST_FILE = "macOS (App)/Info.plist";
				INFOPLIST_KEY_CFBundleDisplayName = "TryHackMe Helper";
				INFOPLIST_KEY_NSMainStoryboardFile = Main;
				INFOPLIST_KEY_NSPrincipalClass = NSApplication;
				LD_RUNPATH_SEARCH_PATHS = (
					"$(inherited)",
					"@executable_path/../Frameworks",
				);
				MACOSX_DEPLOYMENT_TARGET = 10.14;
				MARKETING_VERSION = 1.0;
				OTHER_LDFLAGS = (
					"-framework",
					SafariServices,
					"-framework",
					WebKit,
				);
				PRODUCT_BUNDLE_IDENTIFIER = "com.yourCompany.TryHackMe-Helper";
				PRODUCT_NAME = "TryHackMe Helper";
				SDKROOT = macosx;
				SWIFT_EMIT_LOC_STRINGS = YES;
				SWIFT_VERSION = 5.0;
			};
			name = Debug;
		};
		9338BAE92D1366F90053917A /* Release */ = {
			isa = XCBuildConfiguration;
			buildSettings = {
				ASSETCATALOG_COMPILER_APPICON_NAME = AppIcon;
				ASSETCATALOG_COMPILER_GLOBAL_ACCENT_COLOR_NAME = AccentColor;
				CODE_SIGN_ENTITLEMENTS = "macOS (App)/TryHackMe Helper.entitlements";
				CODE_SIGN_STYLE = Automatic;
				CURRENT_PROJECT_VERSION = 1;
				ENABLE_HARDENED_RUNTIME = YES;
				GENERATE_INFOPLIST_FILE = YES;
				INFOPLIST_FILE = "macOS (App)/Info.plist";
				INFOPLIST_KEY_CFBundleDisplayName = "TryHackMe Helper";
				INFOPLIST_KEY_NSMainStoryboardFile = Main;
				INFOPLIST_KEY_NSPrincipalClass = NSApplication;
				LD_RUNPATH_SEARCH_PATHS = (
					"$(inherited)",
					"@executable_path/../Frameworks",
				);
				MACOSX_DEPLOYMENT_TARGET = 10.14;
				MARKETING_VERSION = 1.0;
				OTHER_LDFLAGS = (
					"-framework",
					SafariServices,
					"-framework",
					WebKit,
				);
				PRODUCT_BUNDLE_IDENTIFIER = "com.yourCompany.TryHackMe-Helper";
				PRODUCT_NAME = "TryHackMe Helper";
				SDKROOT = macosx;
				SWIFT_EMIT_LOC_STRINGS = YES;
				SWIFT_VERSION = 5.0;
			};
			name = Release;
		};
/* End XCBuildConfiguration section */

/* Begin XCConfigurationList section */
		9338BA8C2D1366F90053917A /* Build configuration list for PBXProject "TryHackMe Helper" */ = {
			isa = XCConfigurationList;
			buildConfigurations = (
				9338BADA2D1366F90053917A /* Debug */,
				9338BADB2D1366F90053917A /* Release */,
			);
			defaultConfigurationIsVisible = 0;
			defaultConfigurationName = Release;
		};
		9338BADC2D1366F90053917A /* Build configuration list for PBXNativeTarget "TryHackMe Helper Extension (iOS)" */ = {
			isa = XCConfigurationList;
			buildConfigurations = (
				9338BADD2D1366F90053917A /* Debug */,
				9338BADE2D1366F90053917A /* Release */,
			);
			defaultConfigurationIsVisible = 0;
			defaultConfigurationName = Release;
		};
		9338BAE02D1366F90053917A /* Build configuration list for PBXNativeTarget "TryHackMe Helper (iOS)" */ = {
			isa = XCConfigurationList;
			buildConfigurations = (
				9338BAE12D1366F90053917A /* Debug */,
				9338BAE22D1366F90053917A /* Release */,
			);
			defaultConfigurationIsVisible = 0;
			defaultConfigurationName = Release;
		};
		9338BAE32D1366F90053917A /* Build configuration list for PBXNativeTarget "TryHackMe Helper Extension (macOS)" */ = {
			isa = XCConfigurationList;
			buildConfigurations = (
				9338BAE42D1366F90053917A /* Debug */,
				9338BAE52D1366F90053917A /* Release */,
			);
			defaultConfigurationIsVisible = 0;
			defaultConfigurationName = Release;
		};
		9338BAE72D1366F90053917A /* Build configuration list for PBXNativeTarget "TryHackMe Helper (macOS)" */ = {
			isa = XCConfigurationList;
			buildConfigurations = (
				9338BAE82D1366F90053917A /* Debug */,
				9338BAE92D1366F90053917A /* Release */,
			);
			defaultConfigurationIsVisible = 0;
			defaultConfigurationName = Release;
		};
/* End XCConfigurationList section */
	};
	rootObject = 9338BA892D1366F90053917A /* Project object */;
}
